
Microsoft Visual Studio Solution File, Format Version 12.00
# Visual Studio 15
VisualStudioVersion = 15.0.26730.16
MinimumVisualStudioVersion = 10.0.40219.1
Project("{FAE04EC0-301F-11D3-BF4B-00C04F79EFBC}") = "CinemaAppFeics", "CinemaAppFeics\CinemaAppFeics.csproj", "{8F710461-A1DE-4F42-8884-A0E0EB168DF3}"
EndProject
Global
	GlobalSection(SolutionConfigurationPlatforms) = preSolution
		Debug|Any CPU = Debug|Any CPU
		Release|Any CPU = Release|Any CPU
	EndGlobalSection
	GlobalSection(ProjectConfigurationPlatforms) = postSolution
		{8F710461-A1DE-4F42-8884-A0E0EB168DF3}.Debug|Any CPU.ActiveCfg = Debug|Any CPU
		{8F710461-A1DE-4F42-8884-A0E0EB168DF3}.Debug|Any CPU.Build.0 = Debug|Any CPU
		{8F710461-A1DE-4F42-8884-A0E0EB168DF3}.Release|Any CPU.ActiveCfg = Release|Any CPU
		{8F710461-A1DE-4F42-8884-A0E0EB168DF3}.Release|Any CPU.Build.0 = Release|Any CPU
	EndGlobalSection
	GlobalSection(SolutionProperties) = preSolution
		HideSolutionNode = FALSE
	EndGlobalSection
	GlobalSection(ExtensibilityGlobals) = postSolution
		SolutionGuid = {458C4045-5EBF-4046-B934-CF2CFD887D4D}
	EndGlobalSection
EndGlobal
